
Microsoft Visual Studio Solution File, Format Version 12.00
# Visual Studio Version 17
VisualStudioVersion = 17.0.31903.59
MinimumVisualStudioVersion = 10.0.40219.1
Project("{FAE04EC0-301F-11D3-BF4B-00C04F79EFBC}") = "NCoreUtils.OpenTelemetry.GoogleCloudTrace", "NCoreUtils.OpenTelemetry.GoogleCloudTrace\NCoreUtils.OpenTelemetry.GoogleCloudTrace.csproj", "{980E3671-4472-4465-8B66-415E4489F310}"
EndProject
Project("{FAE04EC0-301F-11D3-BF4B-00C04F79EFBC}") = "NCoreUtils.OpenTelemetry.GoogleCloudTrace.ServiceAccount", "NCoreUtils.OpenTelemetry.GoogleCloudTrace.ServiceAccount\NCoreUtils.OpenTelemetry.GoogleCloudTrace.ServiceAccount.csproj", "{927AFF44-1AAA-4A3E-81AA-6509CDBF221C}"
EndProject
Project("{FAE04EC0-301F-11D3-BF4B-00C04F79EFBC}") = "NCoreUtils.OpenTelemetry.GoogleCloudTrace.Abstractions", "NCoreUtils.OpenTelemetry.GoogleCloudTrace.Abstractions\NCoreUtils.OpenTelemetry.GoogleCloudTrace.Abstractions.csproj", "{DAEFDE68-7E41-4CA7-8C83-FEABF612816A}"
EndProject
Global
	GlobalSection(SolutionConfigurationPlatforms) = preSolution
		Debug|Any CPU = Debug|Any CPU
		Release|Any CPU = Release|Any CPU
	EndGlobalSection
	GlobalSection(SolutionProperties) = preSolution
		HideSolutionNode = FALSE
	EndGlobalSection
	GlobalSection(ProjectConfigurationPlatforms) = postSolution
		{980E3671-4472-4465-8B66-415E4489F310}.Debug|Any CPU.ActiveCfg = Debug|Any CPU
		{980E3671-4472-4465-8B66-415E4489F310}.Debug|Any CPU.Build.0 = Debug|Any CPU
		{980E3671-4472-4465-8B66-415E4489F310}.Release|Any CPU.ActiveCfg = Release|Any CPU
		{980E3671-4472-4465-8B66-415E4489F310}.Release|Any CPU.Build.0 = Release|Any CPU
		{927AFF44-1AAA-4A3E-81AA-6509CDBF221C}.Debug|Any CPU.ActiveCfg = Debug|Any CPU
		{927AFF44-1AAA-4A3E-81AA-6509CDBF221C}.Debug|Any CPU.Build.0 = Debug|Any CPU
		{927AFF44-1AAA-4A3E-81AA-6509CDBF221C}.Release|Any CPU.ActiveCfg = Release|Any CPU
		{927AFF44-1AAA-4A3E-81AA-6509CDBF221C}.Release|Any CPU.Build.0 = Release|Any CPU
		{DAEFDE68-7E41-4CA7-8C83-FEABF612816A}.Debug|Any CPU.ActiveCfg = Debug|Any CPU
		{DAEFDE68-7E41-4CA7-8C83-FEABF612816A}.Debug|Any CPU.Build.0 = Debug|Any CPU
		{DAEFDE68-7E41-4CA7-8C83-FEABF612816A}.Release|Any CPU.ActiveCfg = Release|Any CPU
		{DAEFDE68-7E41-4CA7-8C83-FEABF612816A}.Release|Any CPU.Build.0 = Release|Any CPU
	EndGlobalSection
EndGlobal
